{
  "originHash" : "112eb69ccb5affc94878c5854390320ece0aa0ceac684e09894dd9aae3f1eed7",
  "pins" : [
    {
      "identity" : "devtesting",
      "kind" : "remoteSourceControl",
      "location" : "https://github.com/prachigauriar/DevTesting",
      "state" : {
        "revision" : "93e51158c35680315934e7aa7cdc81608dd86f25",
        "version" : "1.0.0-beta.5"
      }
    },
    {
      "identity" : "swift-argument-parser",
      "kind" : "remoteSourceControl",
      "location" : "https://github.com/apple/swift-argument-parser.git",
      "state" : {
        "revision" : "41982a3656a71c768319979febd796c6fd111d5c",
        "version" : "1.5.0"
      }
    },
    {
      "identity" : "urlmock",
      "kind" : "remoteSourceControl",
      "location" : "https://github.com/prachigauriar/URLMock.git",
      "state" : {
        "revision" : "6d52a5e64c9f5e3a1248de6269d100fe39c5bdc8",
        "version" : "1.3.6"
      }
    }
  ],
  "version" : 3
}
